
Microsoft Visual Studio Solution File, Format Version 12.00
# Visual Studio 15
VisualStudioVersion = 15.0.28307.705
MinimumVisualStudioVersion = 10.0.40219.1
Project("{FAE04EC0-301F-11D3-BF4B-00C04F79EFBC}") = "ESiteWebApi", "ESiteWebApi\ESiteWebApi.csproj", "{7C53CED8-5515-4088-9708-562197987FAA}"
EndProject
Project("{FAE04EC0-301F-11D3-BF4B-00C04F79EFBC}") = "DatabaseLayer", "DatabaseLayer\DatabaseLayer.csproj", "{0B071C9B-2D40-4FDC-84A9-4F14B2C102A7}"
EndProject
Project("{FAE04EC0-301F-11D3-BF4B-00C04F79EFBC}") = "BusinessLayer", "BusinessLayer\BusinessLayer.csproj", "{D30E4257-F288-442D-B2A7-F4FFC6C53D44}"
EndProject
Project("{FAE04EC0-301F-11D3-BF4B-00C04F79EFBC}") = "SharedLayerDTO", "SharedLayerDTO\SharedLayerDTO.csproj", "{E4BD0C3F-0E6B-4658-81DA-0A1BFADB43EA}"
EndProject
Global
	GlobalSection(SolutionConfigurationPlatforms) = preSolution
		Debug|Any CPU = Debug|Any CPU
		Release|Any CPU = Release|Any CPU
	EndGlobalSection
	GlobalSection(ProjectConfigurationPlatforms) = postSolution
		{7C53CED8-5515-4088-9708-562197987FAA}.Debug|Any CPU.ActiveCfg = Debug|Any CPU
		{7C53CED8-5515-4088-9708-562197987FAA}.Debug|Any CPU.Build.0 = Debug|Any CPU
		{7C53CED8-5515-4088-9708-562197987FAA}.Release|Any CPU.ActiveCfg = Release|Any CPU
		{7C53CED8-5515-4088-9708-562197987FAA}.Release|Any CPU.Build.0 = Release|Any CPU
		{0B071C9B-2D40-4FDC-84A9-4F14B2C102A7}.Debug|Any CPU.ActiveCfg = Debug|Any CPU
		{0B071C9B-2D40-4FDC-84A9-4F14B2C102A7}.Debug|Any CPU.Build.0 = Debug|Any CPU
		{0B071C9B-2D40-4FDC-84A9-4F14B2C102A7}.Release|Any CPU.ActiveCfg = Release|Any CPU
		{0B071C9B-2D40-4FDC-84A9-4F14B2C102A7}.Release|Any CPU.Build.0 = Release|Any CPU
		{D30E4257-F288-442D-B2A7-F4FFC6C53D44}.Debug|Any CPU.ActiveCfg = Debug|Any CPU
		{D30E4257-F288-442D-B2A7-F4FFC6C53D44}.Debug|Any CPU.Build.0 = Debug|Any CPU
		{D30E4257-F288-442D-B2A7-F4FFC6C53D44}.Release|Any CPU.ActiveCfg = Release|Any CPU
		{D30E4257-F288-442D-B2A7-F4FFC6C53D44}.Release|Any CPU.Build.0 = Release|Any CPU
		{E4BD0C3F-0E6B-4658-81DA-0A1BFADB43EA}.Debug|Any CPU.ActiveCfg = Debug|Any CPU
		{E4BD0C3F-0E6B-4658-81DA-0A1BFADB43EA}.Debug|Any CPU.Build.0 = Debug|Any CPU
		{E4BD0C3F-0E6B-4658-81DA-0A1BFADB43EA}.Release|Any CPU.ActiveCfg = Release|Any CPU
		{E4BD0C3F-0E6B-4658-81DA-0A1BFADB43EA}.Release|Any CPU.Build.0 = Release|Any CPU
	EndGlobalSection
	GlobalSection(SolutionProperties) = preSolution
		HideSolutionNode = FALSE
	EndGlobalSection
	GlobalSection(ExtensibilityGlobals) = postSolution
		SolutionGuid = {2C8BDE36-93E6-42F7-A987-F6F12C16E03C}
	EndGlobalSection
EndGlobal
